{
  "nodes": {
    "flake-parts": {
      "inputs": {
        "nixpkgs-lib": [
          "nixpkgs"
        ]
      },
      "locked": {
        "lastModified": 1701473968,
        "narHash": "sha256-YcVE5emp1qQ8ieHUnxt1wCZCC3ZfAS+SRRWZ2TMda7E=",
        "owner": "hercules-ci",
        "repo": "flake-parts",
        "rev": "34fed993f1674c8d06d58b37ce1e0fe5eebcb9f5",
        "type": "github"
      },
      "original": {
        "owner": "hercules-ci",
        "repo": "flake-parts",
        "type": "github"
      }
    },
    "flake-parts_2": {
      "inputs": {
        "nixpkgs-lib": [
          "hercules-ci-effects",
          "nixpkgs"
        ]
      },
      "locked": {
        "lastModified": 1696343447,
        "narHash": "sha256-B2xAZKLkkeRFG5XcHHSXXcP7To9Xzr59KXeZiRf4vdQ=",
        "owner": "hercules-ci",
        "repo": "flake-parts",
        "rev": "c9afaba3dfa4085dbd2ccb38dfade5141e33d9d4",
        "type": "github"
      },
      "original": {
        "id": "flake-parts",
        "type": "indirect"
      }
    },
    "flake-utils": {
      "inputs": {
        "systems": "systems"
      },
      "locked": {
        "lastModified": 1694529238,
        "narHash": "sha256-zsNZZGTGnMOf9YpHKJqMSsa0dXbfmxeoJ7xHlrt+xmY=",
        "owner": "numtide",
        "repo": "flake-utils",
        "rev": "ff7b65b44d01cf9ba6a71320833626af21126384",
        "type": "github"
      },
      "original": {
        "owner": "numtide",
        "repo": "flake-utils",
        "type": "github"
      }
    },
    "hercules-ci-effects": {
      "inputs": {
        "flake-parts": "flake-parts_2",
        "nixpkgs": [
          "nixpkgs"
        ]
      },
      "locked": {
        "lastModified": 1701009247,
        "narHash": "sha256-GuX16rzRze2y7CsewJLTV6qXkXWyEwp6VCZXi8HLruU=",
        "owner": "hercules-ci",
        "repo": "hercules-ci-effects",
        "rev": "31b6cd7569191bfcd0a548575b0e2ef953ed7d09",
        "type": "github"
      },
      "original": {
        "owner": "hercules-ci",
        "repo": "hercules-ci-effects",
        "type": "github"
      }
    },
    "invokeai-src": {
      "flake": false,
      "locked": {
        "lastModified": 1697424725,
        "narHash": "sha256-y3nxZ4PQ/d2wMX1crpJPDMYXf48YBG0sRIBOTgN6XlI=",
        "owner": "invoke-ai",
        "repo": "InvokeAI",
        "rev": "ad786130ffb11f91cbfcc40846114dd1fdcecdf6",
        "type": "github"
      },
      "original": {
        "owner": "invoke-ai",
        "ref": "v3.3.0post3",
        "repo": "InvokeAI",
        "type": "github"
      }
    },
    "nix-ai-stuff": {
      "inputs": {
        "flake-utils": "flake-utils",
        "nixpkgs": [
          "nixpkgs"
        ]
      },
      "locked": {
        "lastModified": 1701578026,
        "narHash": "sha256-eRFpjr2VfWRU39wNtPIooGmHJz15YGkXmZsT8i143BQ=",
        "owner": "ayes-web",
        "repo": "nix-ai-stuff",
        "rev": "cd4061802f6933c5ab1ab3bd9b270b03d5de042b",
        "type": "github"
      },
      "original": {
        "owner": "ayes-web",
        "repo": "nix-ai-stuff",
        "type": "github"
      }
    },
    "nixpkgs": {
      "locked": {
        "lastModified": 1702312524,
        "narHash": "sha256-gkZJRDBUCpTPBvQk25G0B7vfbpEYM5s5OZqghkjZsnE=",
        "owner": "NixOS",
        "repo": "nixpkgs",
        "rev": "a9bf124c46ef298113270b1f84a164865987a91c",
        "type": "github"
      },
      "original": {
        "owner": "NixOS",
        "ref": "nixos-unstable",
        "repo": "nixpkgs",
        "type": "github"
      }
    },
    "root": {
      "inputs": {
        "flake-parts": "flake-parts",
        "hercules-ci-effects": "hercules-ci-effects",
        "invokeai-src": "invokeai-src",
        "nix-ai-stuff": "nix-ai-stuff",
        "nixpkgs": "nixpkgs",
        "textgen-src": "textgen-src"
      }
    },
    "systems": {
      "locked": {
        "lastModified": 1681028828,
        "narHash": "sha256-Vy1rq5AaRuLzOxct8nz4T6wlgyUR7zLU309k9mBC768=",
        "owner": "nix-systems",
        "repo": "default",
        "rev": "da67096a3b9bf56a91d16901293e51ba5b49a27e",
        "type": "github"
      },
      "original": {
        "owner": "nix-systems",
        "repo": "default",
        "type": "github"
      }
    },
    "textgen-src": {
      "flake": false,
      "locked": {
        "lastModified": 1696789008,
        "narHash": "sha256-+V8XOVnEyImj+a8uCkZXEHXW8bTIBRlnfMcQfcZNgqg=",
        "owner": "oobabooga",
        "repo": "text-generation-webui",
        "rev": "2e471071af48e19867cfa522d2def44c24785c50",
        "type": "github"
      },
      "original": {
        "owner": "oobabooga",
        "ref": "v1.7",
        "repo": "text-generation-webui",
        "type": "github"
      }
    }
  },
  "root": "root",
  "version": 7
}
